// !$*UTF8*$!
{
	archiveVersion = 1;
	classes = {
	};
	objectVersion = 46;
	objects = {

/* Begin PBXBuildFile section */
		A14C9AAA1AFDF47400549138 /* FBSDKShareKit.framework in Frameworks */ = {isa = PBXBuildFile; fileRef = A14C9AA71AFDF47400549138 /* FBSDKShareKit.framework */; settings = {ATTRIBUTES = (Required, ); }; };
		A14C9AAB1AFDF47400549138 /* FBSDKLoginKit.framework in Frameworks */ = {isa = PBXBuildFile; fileRef = A14C9AA81AFDF47400549138 /* FBSDKLoginKit.framework */; };
		A14C9AAC1AFDF47400549138 /* FBSDKCoreKit.framework in Frameworks */ = {isa = PBXBuildFile; fileRef = A14C9AA91AFDF47400549138 /* FBSDKCoreKit.framework */; };
		D72EE11F1AFDE20F00E31DC3 /* AppDelegate.swift in Sources */ = {isa = PBXBuildFile; fileRef = D72EE11E1AFDE20F00E31DC3 /* AppDelegate.swift */; };
		D72EE1211AFDE20F00E31DC3 /* ViewController.swift in Sources */ = {isa = PBXBuildFile; fileRef = D72EE1201AFDE20F00E31DC3 /* ViewController.swift */; };
		D72EE1241AFDE20F00E31DC3 /* Main.storyboard in Resources */ = {isa = PBXBuildFile; fileRef = D72EE1221AFDE20F00E31DC3 /* Main.storyboard */; };
		D72EE1291AFDE20F00E31DC3 /* LaunchScreen.xib in Resources */ = {isa = PBXBuildFile; fileRef = D72EE1271AFDE20F00E31DC3 /* LaunchScreen.xib */; };
		D72EE1351AFDE20F00E31DC3 /* WearHacks_TorontoTests.swift in Sources */ = {isa = PBXBuildFile; fileRef = D72EE1341AFDE20F00E31DC3 /* WearHacks_TorontoTests.swift */; };
		D7F4C9B91AFDF1CE00AF03D2 /* Images.xcassets in Resources */ = {isa = PBXBuildFile; fileRef = D7F4C9B81AFDF1CE00AF03D2 /* Images.xcassets */; };
		D7F4C9BF1AFE573A00AF03D2 /* SettingsViewController.swift in Sources */ = {isa = PBXBuildFile; fileRef = D7F4C9BE1AFE573A00AF03D2 /* SettingsViewController.swift */; };
/* End PBXBuildFile section */

/* Begin PBXContainerItemProxy section */
		D72EE12F1AFDE20F00E31DC3 /* PBXContainerItemProxy */ = {
			isa = PBXContainerItemProxy;
			containerPortal = D72EE1111AFDE20F00E31DC3 /* Project object */;
			proxyType = 1;
			remoteGlobalIDString = D72EE1181AFDE20F00E31DC3;
			remoteInfo = "WearHacks Toronto";
		};
/* End PBXContainerItemProxy section */

/* Begin PBXFileReference section */
		A14C9AA71AFDF47400549138 /* FBSDKShareKit.framework */ = {isa = PBXFileReference; lastKnownFileType = wrapper.framework; name = FBSDKShareKit.framework; path = ../../Documents/FacebookSDK/FBSDKShareKit.framework; sourceTree = "<group>"; };
		A14C9AA81AFDF47400549138 /* FBSDKLoginKit.framework */ = {isa = PBXFileReference; lastKnownFileType = wrapper.framework; name = FBSDKLoginKit.framework; path = ../../Documents/FacebookSDK/FBSDKLoginKit.framework; sourceTree = "<group>"; };
		A14C9AA91AFDF47400549138 /* FBSDKCoreKit.framework */ = {isa = PBXFileReference; lastKnownFileType = wrapper.framework; name = FBSDKCoreKit.framework; path = ../../Documents/FacebookSDK/FBSDKCoreKit.framework; sourceTree = "<group>"; };
		D72EE1191AFDE20F00E31DC3 /* WearHacks Toronto.app */ = {isa = PBXFileReference; explicitFileType = wrapper.application; includeInIndex = 0; path = "WearHacks Toronto.app"; sourceTree = BUILT_PRODUCTS_DIR; };
		D72EE11D1AFDE20F00E31DC3 /* Info.plist */ = {isa = PBXFileReference; lastKnownFileType = text.plist.xml; path = Info.plist; sourceTree = "<group>"; };
		D72EE11E1AFDE20F00E31DC3 /* AppDelegate.swift */ = {isa = PBXFileReference; lastKnownFileType = sourcecode.swift; path = AppDelegate.swift; sourceTree = "<group>"; };
		D72EE1201AFDE20F00E31DC3 /* ViewController.swift */ = {isa = PBXFileReference; lastKnownFileType = sourcecode.swift; path = ViewController.swift; sourceTree = "<group>"; };
		D72EE1231AFDE20F00E31DC3 /* Base */ = {isa = PBXFileReference; lastKnownFileType = file.storyboard; name = Base; path = Base.lproj/Main.storyboard; sourceTree = "<group>"; };
		D72EE1281AFDE20F00E31DC3 /* Base */ = {isa = PBXFileReference; lastKnownFileType = file.xib; name = Base; path = Base.lproj/LaunchScreen.xib; sourceTree = "<group>"; };
		D72EE12E1AFDE20F00E31DC3 /* WearHacks TorontoTests.xctest */ = {isa = PBXFileReference; explicitFileType = wrapper.cfbundle; includeInIndex = 0; path = "WearHacks TorontoTests.xctest"; sourceTree = BUILT_PRODUCTS_DIR; };
		D72EE1331AFDE20F00E31DC3 /* Info.plist */ = {isa = PBXFileReference; lastKnownFileType = text.plist.xml; path = Info.plist; sourceTree = "<group>"; };
		D72EE1341AFDE20F00E31DC3 /* WearHacks_TorontoTests.swift */ = {isa = PBXFileReference; lastKnownFileType = sourcecode.swift; path = WearHacks_TorontoTests.swift; sourceTree = "<group>"; };
		D7F4C9B81AFDF1CE00AF03D2 /* Images.xcassets */ = {isa = PBXFileReference; lastKnownFileType = folder.assetcatalog; path = Images.xcassets; sourceTree = "<group>"; };
		D7F4C9BE1AFE573A00AF03D2 /* SettingsViewController.swift */ = {isa = PBXFileReference; fileEncoding = 4; lastKnownFileType = sourcecode.swift; path = SettingsViewController.swift; sourceTree = "<group>"; };
/* End PBXFileReference section */

/* Begin PBXFrameworksBuildPhase section */
		D72EE1161AFDE20F00E31DC3 /* Frameworks */ = {
			isa = PBXFrameworksBuildPhase;
			buildActionMask = 2147483647;
			files = (
				A14C9AAA1AFDF47400549138 /* FBSDKShareKit.framework in Frameworks */,
				A14C9AAB1AFDF47400549138 /* FBSDKLoginKit.framework in Frameworks */,
				A14C9AAC1AFDF47400549138 /* FBSDKCoreKit.framework in Frameworks */,
			);
			runOnlyForDeploymentPostprocessing = 0;
		};
		D72EE12B1AFDE20F00E31DC3 /* Frameworks */ = {
			isa = PBXFrameworksBuildPhase;
			buildActionMask = 2147483647;
			files = (
			);
			runOnlyForDeploymentPostprocessing = 0;
		};
/* End PBXFrameworksBuildPhase section */

/* Begin PBXGroup section */
		D72EE1101AFDE20F00E31DC3 = {
			isa = PBXGroup;
			children = (
				A14C9AA71AFDF47400549138 /* FBSDKShareKit.framework */,
				A14C9AA81AFDF47400549138 /* FBSDKLoginKit.framework */,
				A14C9AA91AFDF47400549138 /* FBSDKCoreKit.framework */,
				D72EE11B1AFDE20F00E31DC3 /* WearHacks Toronto */,
				D72EE1311AFDE20F00E31DC3 /* WearHacks TorontoTests */,
				D72EE11A1AFDE20F00E31DC3 /* Products */,
			);
			sourceTree = "<group>";
		};
		D72EE11A1AFDE20F00E31DC3 /* Products */ = {
			isa = PBXGroup;
			children = (
				D72EE1191AFDE20F00E31DC3 /* WearHacks Toronto.app */,
				D72EE12E1AFDE20F00E31DC3 /* WearHacks TorontoTests.xctest */,
			);
			name = Products;
			sourceTree = "<group>";
		};
		D72EE11B1AFDE20F00E31DC3 /* WearHacks Toronto */ = {
			isa = PBXGroup;
			children = (
				D72EE11E1AFDE20F00E31DC3 /* AppDelegate.swift */,
				D72EE1201AFDE20F00E31DC3 /* ViewController.swift */,
				D72EE1221AFDE20F00E31DC3 /* Main.storyboard */,
				D7F4C9BE1AFE573A00AF03D2 /* SettingsViewController.swift */,
				D72EE1271AFDE20F00E31DC3 /* LaunchScreen.xib */,
				D7F4C9B81AFDF1CE00AF03D2 /* Images.xcassets */,
				D72EE11C1AFDE20F00E31DC3 /* Supporting Files */,
			);
			path = "WearHacks Toronto";
			sourceTree = "<group>";
		};
		D72EE11C1AFDE20F00E31DC3 /* Supporting Files */ = {
			isa = PBXGroup;
			children = (
				D72EE11D1AFDE20F00E31DC3 /* Info.plist */,
			);
			name = "Supporting Files";
			sourceTree = "<group>";
		};
		D72EE1311AFDE20F00E31DC3 /* WearHacks TorontoTests */ = {
			isa = PBXGroup;
			children = (
				D72EE1341AFDE20F00E31DC3 /* WearHacks_TorontoTests.swift */,
				D72EE1321AFDE20F00E31DC3 /* Supporting Files */,
			);
			path = "WearHacks TorontoTests";
			sourceTree = "<group>";
		};
		D72EE1321AFDE20F00E31DC3 /* Supporting Files */ = {
			isa = PBXGroup;
			children = (
				D72EE1331AFDE20F00E31DC3 /* Info.plist */,
			);
			name = "Supporting Files";
			sourceTree = "<group>";
		};
/* End PBXGroup section */

/* Begin PBXNativeTarget section */
		D72EE1181AFDE20F00E31DC3 /* WearHacks Toronto */ = {
			isa = PBXNativeTarget;
			buildConfigurationList = D72EE1381AFDE20F00E31DC3 /* Build configuration list for PBXNativeTarget "WearHacks Toronto" */;
			buildPhases = (
				D72EE1151AFDE20F00E31DC3 /* Sources */,
				D72EE1161AFDE20F00E31DC3 /* Frameworks */,
				D72EE1171AFDE20F00E31DC3 /* Resources */,
			);
			buildRules = (
			);
			dependencies = (
			);
			name = "WearHacks Toronto";
			productName = "WearHacks Toronto";
			productReference = D72EE1191AFDE20F00E31DC3 /* WearHacks Toronto.app */;
			productType = "com.apple.product-type.application";
		};
		D72EE12D1AFDE20F00E31DC3 /* WearHacks TorontoTests */ = {
			isa = PBXNativeTarget;
			buildConfigurationList = D72EE13B1AFDE20F00E31DC3 /* Build configuration list for PBXNativeTarget "WearHacks TorontoTests" */;
			buildPhases = (
				D72EE12A1AFDE20F00E31DC3 /* Sources */,
				D72EE12B1AFDE20F00E31DC3 /* Frameworks */,
				D72EE12C1AFDE20F00E31DC3 /* Resources */,
			);
			buildRules = (
			);
			dependencies = (
				D72EE1301AFDE20F00E31DC3 /* PBXTargetDependency */,
			);
			name = "WearHacks TorontoTests";
			productName = "WearHacks TorontoTests";
			productReference = D72EE12E1AFDE20F00E31DC3 /* WearHacks TorontoTests.xctest */;
			productType = "com.apple.product-type.bundle.unit-test";
		};
/* End PBXNativeTarget section */

/* Begin PBXProject section */
		D72EE1111AFDE20F00E31DC3 /* Project object */ = {
			isa = PBXProject;
			attributes = {
				LastUpgradeCheck = 0630;
				ORGANIZATIONNAME = "Léonard Bonfils";
				TargetAttributes = {
					D72EE1181AFDE20F00E31DC3 = {
						CreatedOnToolsVersion = 6.3.1;
						DevelopmentTeam = 2RZZR7HGK6;
						SystemCapabilities = {
							com.apple.Maps.iOS = {
								enabled = 0;
							};
						};
					};
					D72EE12D1AFDE20F00E31DC3 = {
						CreatedOnToolsVersion = 6.3.1;
						TestTargetID = D72EE1181AFDE20F00E31DC3;
					};
				};
			};
			buildConfigurationList = D72EE1141AFDE20F00E31DC3 /* Build configuration list for PBXProject "WearHacks Toronto" */;
			compatibilityVersion = "Xcode 3.2";
			developmentRegion = English;
			hasScannedForEncodings = 0;
			knownRegions = (
				en,
				Base,
			);
			mainGroup = D72EE1101AFDE20F00E31DC3;
			productRefGroup = D72EE11A1AFDE20F00E31DC3 /* Products */;
			projectDirPath = "";
			projectRoot = "";
			targets = (
				D72EE1181AFDE20F00E31DC3 /* WearHacks Toronto */,
				D72EE12D1AFDE20F00E31DC3 /* WearHacks TorontoTests */,
			);
		};
/* End PBXProject section */

/* Begin PBXResourcesBuildPhase section */
		D72EE1171AFDE20F00E31DC3 /* Resources */ = {
			isa = PBXResourcesBuildPhase;
			buildActionMask = 2147483647;
			files = (
				D7F4C9B91AFDF1CE00AF03D2 /* Images.xcassets in Resources */,
				D72EE1241AFDE20F00E31DC3 /* Main.storyboard in Resources */,
				D72EE1291AFDE20F00E31DC3 /* LaunchScreen.xib in Resources */,
			);
			runOnlyForDeploymentPostprocessing = 0;
		};
		D72EE12C1AFDE20F00E31DC3 /* Resources */ = {
			isa = PBXResourcesBuildPhase;
			buildActionMask = 2147483647;
			files = (
			);
			runOnlyForDeploymentPostprocessing = 0;
		};
/* End PBXResourcesBuildPhase section */

/* Begin PBXSourcesBuildPhase section */
		D72EE1151AFDE20F00E31DC3 /* Sources */ = {
			isa = PBXSourcesBuildPhase;
			buildActionMask = 2147483647;
			files = (
				D72EE1211AFDE20F00E31DC3 /* ViewController.swift in Sources */,
				D72EE11F1AFDE20F00E31DC3 /* AppDelegate.swift in Sources */,
				D7F4C9BF1AFE573A00AF03D2 /* SettingsViewController.swift in Sources */,
			);
			runOnlyForDeploymentPostprocessing = 0;
		};
		D72EE12A1AFDE20F00E31DC3 /* Sources */ = {
			isa = PBXSourcesBuildPhase;
			buildActionMask = 2147483647;
			files = (
				D72EE1351AFDE20F00E31DC3 /* WearHacks_TorontoTests.swift in Sources */,
			);
			runOnlyForDeploymentPostprocessing = 0;
		};
/* End PBXSourcesBuildPhase section */

/* Begin PBXTargetDependency section */
		D72EE1301AFDE20F00E31DC3 /* PBXTargetDependency */ = {
			isa = PBXTargetDependency;
			target = D72EE1181AFDE20F00E31DC3 /* WearHacks Toronto */;
			targetProxy = D72EE12F1AFDE20F00E31DC3 /* PBXContainerItemProxy */;
		};
/* End PBXTargetDependency section */

/* Begin PBXVariantGroup section */
		D72EE1221AFDE20F00E31DC3 /* Main.storyboard */ = {
			isa = PBXVariantGroup;
			children = (
				D72EE1231AFDE20F00E31DC3 /* Base */,
			);
			name = Main.storyboard;
			sourceTree = "<group>";
		};
		D72EE1271AFDE20F00E31DC3 /* LaunchScreen.xib */ = {
			isa = PBXVariantGroup;
			children = (
				D72EE1281AFDE20F00E31DC3 /* Base */,
			);
			name = LaunchScreen.xib;
			sourceTree = "<group>";
		};
/* End PBXVariantGroup section */

/* Begin XCBuildConfiguration section */
		D72EE1361AFDE20F00E31DC3 /* Debug */ = {
			isa = XCBuildConfiguration;
			buildSettings = {
				ALWAYS_SEARCH_USER_PATHS = NO;
				CLANG_CXX_LANGUAGE_STANDARD = "gnu++0x";
				CLANG_CXX_LIBRARY = "libc++";
				CLANG_ENABLE_MODULES = YES;
				CLANG_ENABLE_OBJC_ARC = YES;
				CLANG_WARN_BOOL_CONVERSION = YES;
				CLANG_WARN_CONSTANT_CONVERSION = YES;
				CLANG_WARN_DIRECT_OBJC_ISA_USAGE = YES_ERROR;
				CLANG_WARN_EMPTY_BODY = YES;
				CLANG_WARN_ENUM_CONVERSION = YES;
				CLANG_WARN_INT_CONVERSION = YES;
				CLANG_WARN_OBJC_ROOT_CLASS = YES_ERROR;
				CLANG_WARN_UNREACHABLE_CODE = YES;
				CLANG_WARN__DUPLICATE_METHOD_MATCH = YES;
				"CODE_SIGN_IDENTITY[sdk=iphoneos*]" = "iPhone Developer";
				COPY_PHASE_STRIP = NO;
				DEBUG_INFORMATION_FORMAT = "dwarf-with-dsym";
				ENABLE_STRICT_OBJC_MSGSEND = YES;
				GCC_C_LANGUAGE_STANDARD = gnu99;
				GCC_DYNAMIC_NO_PIC = NO;
				GCC_NO_COMMON_BLOCKS = YES;
				GCC_OPTIMIZATION_LEVEL = 0;
				GCC_PREPROCESSOR_DEFINITIONS = (
					"DEBUG=1",
					"$(inherited)",
				);
				GCC_SYMBOLS_PRIVATE_EXTERN = NO;
				GCC_WARN_64_TO_32_BIT_CONVERSION = YES;
				GCC_WARN_ABOUT_RETURN_TYPE = YES_ERROR;
				GCC_WARN_UNDECLARED_SELECTOR = YES;
				GCC_WARN_UNINITIALIZED_AUTOS = YES_AGGRESSIVE;
				GCC_WARN_UNUSED_FUNCTION = YES;
				GCC_WARN_UNUSED_VARIABLE = YES;
				IPHONEOS_DEPLOYMENT_TARGET = 8.3;
				MTL_ENABLE_DEBUG_INFO = YES;
				ONLY_ACTIVE_ARCH = YES;
				SDKROOT = iphoneos;
				SWIFT_OPTIMIZATION_LEVEL = "-Onone";
			};
			name = Debug;
		};
		D72EE1371AFDE20F00E31DC3 /* Release */ = {
			isa = XCBuildConfiguration;
			buildSettings = {
				ALWAYS_SEARCH_USER_PATHS = NO;
				CLANG_CXX_LANGUAGE_STANDARD = "gnu++0x";
				CLANG_CXX_LIBRARY = "libc++";
				CLANG_ENABLE_MODULES = YES;
				CLANG_ENABLE_OBJC_ARC = YES;
				CLANG_WARN_BOOL_CONVERSION = YES;
				CLANG_WARN_CONSTANT_CONVERSION = YES;
				CLANG_WARN_DIRECT_OBJC_ISA_USAGE = YES_ERROR;
				CLANG_WARN_EMPTY_BODY = YES;
				CLANG_WARN_ENUM_CONVERSION = YES;
				CLANG_WARN_INT_CONVERSION = YES;
				CLANG_WARN_OBJC_ROOT_CLASS = YES_ERROR;
				CLANG_WARN_UNREACHABLE_CODE = YES;
				CLANG_WARN__DUPLICATE_METHOD_MATCH = YES;
				"CODE_SIGN_IDENTITY[sdk=iphoneos*]" = "iPhone Developer";
				COPY_PHASE_STRIP = NO;
				DEBUG_INFORMATION_FORMAT = "dwarf-with-dsym";
				ENABLE_NS_ASSERTIONS = NO;
				ENABLE_STRICT_OBJC_MSGSEND = YES;
				GCC_C_LANGUAGE_STANDARD = gnu99;
				GCC_NO_COMMON_BLOCKS = YES;
				GCC_WARN_64_TO_32_BIT_CONVERSION = YES;
				GCC_WARN_ABOUT_RETURN_TYPE = YES_ERROR;
				GCC_WARN_UNDECLARED_SELECTOR = YES;
				GCC_WARN_UNINITIALIZED_AUTOS = YES_AGGRESSIVE;
				GCC_WARN_UNUSED_FUNCTION = YES;
				GCC_WARN_UNUSED_VARIABLE = YES;
				IPHONEOS_DEPLOYMENT_TARGET = 8.3;
				MTL_ENABLE_DEBUG_INFO = NO;
				SDKROOT = iphoneos;
				VALIDATE_PRODUCT = YES;
			};
			name = Release;
		};
		D72EE1391AFDE20F00E31DC3 /* Debug */ = {
			isa = XCBuildConfiguration;
			buildSettings = {
				ASSETCATALOG_COMPILER_APPICON_NAME = AppIcon;
				FRAMEWORK_SEARCH_PATHS = (
					"$(inherited)",
					/Users/GMorgenshtern/Documents/FacebookSDK,
				);
				INFOPLIST_FILE = "WearHacks Toronto/Info.plist";
				LD_RUNPATH_SEARCH_PATHS = "$(inherited) @executable_path/Frameworks";
				PRODUCT_NAME = "$(TARGET_NAME)";
			};
			name = Debug;
		};
		D72EE13A1AFDE20F00E31DC3 /* Release */ = {
			isa = XCBuildConfiguration;
			buildSettings = {
				ASSETCATALOG_COMPILER_APPICON_NAME = AppIcon;
				FRAMEWORK_SEARCH_PATHS = (
					"$(inherited)",
					/Users/GMorgenshtern/Documents/FacebookSDK,
				);
				INFOPLIST_FILE = "WearHacks Toronto/Info.plist";
				LD_RUNPATH_SEARCH_PATHS = "$(inherited) @executable_path/Frameworks";
				PRODUCT_NAME = "$(TARGET_NAME)";
			};
			name = Release;
		};
		D72EE13C1AFDE20F00E31DC3 /* Debug */ = {
			isa = XCBuildConfiguration;
			buildSettings = {
				BUNDLE_LOADER = "$(TEST_HOST)";
				FRAMEWORK_SEARCH_PATHS = (
					"$(SDKROOT)/Developer/Library/Frameworks",
					"$(inherited)",
				);
				GCC_PREPROCESSOR_DEFINITIONS = (
					"DEBUG=1",
					"$(inherited)",
				);
				INFOPLIST_FILE = "WearHacks TorontoTests/Info.plist";
				LD_RUNPATH_SEARCH_PATHS = "$(inherited) @executable_path/Frameworks @loader_path/Frameworks";
				PRODUCT_NAME = "$(TARGET_NAME)";
				TEST_HOST = "$(BUILT_PRODUCTS_DIR)/WearHacks Toronto.app/WearHacks Toronto";
			};
			name = Debug;
		};
		D72EE13D1AFDE20F00E31DC3 /* Release */ = {
			isa = XCBuildConfiguration;
			buildSettings = {
				BUNDLE_LOADER = "$(TEST_HOST)";
				FRAMEWORK_SEARCH_PATHS = (
					"$(SDKROOT)/Developer/Library/Frameworks",
					"$(inherited)",
				);
				INFOPLIST_FILE = "WearHacks TorontoTests/Info.plist";
				LD_RUNPATH_SEARCH_PATHS = "$(inherited) @executable_path/Frameworks @loader_path/Frameworks";
				PRODUCT_NAME = "$(TARGET_NAME)";
				TEST_HOST = "$(BUILT_PRODUCTS_DIR)/WearHacks Toronto.app/WearHacks Toronto";
			};
			name = Release;
		};
/* End XCBuildConfiguration section */

/* Begin XCConfigurationList section */
		D72EE1141AFDE20F00E31DC3 /* Build configuration list for PBXProject "WearHacks Toronto" */ = {
			isa = XCConfigurationList;
			buildConfigurations = (
				D72EE1361AFDE20F00E31DC3 /* Debug */,
				D72EE1371AFDE20F00E31DC3 /* Release */,
			);
			defaultConfigurationIsVisible = 0;
			defaultConfigurationName = Release;
		};
		D72EE1381AFDE20F00E31DC3 /* Build configuration list for PBXNativeTarget "WearHacks Toronto" */ = {
			isa = XCConfigurationList;
			buildConfigurations = (
				D72EE1391AFDE20F00E31DC3 /* Debug */,
				D72EE13A1AFDE20F00E31DC3 /* Release */,
			);
			defaultConfigurationIsVisible = 0;
			defaultConfigurationName = Release;
		};
		D72EE13B1AFDE20F00E31DC3 /* Build configuration list for PBXNativeTarget "WearHacks TorontoTests" */ = {
			isa = XCConfigurationList;
			buildConfigurations = (
				D72EE13C1AFDE20F00E31DC3 /* Debug */,
				D72EE13D1AFDE20F00E31DC3 /* Release */,
			);
			defaultConfigurationIsVisible = 0;
			defaultConfigurationName = Release;
		};
/* End XCConfigurationList section */
	};
	rootObject = D72EE1111AFDE20F00E31DC3 /* Project object */;
}
